
Microsoft Visual Studio Solution File, Format Version 12.00
# Visual Studio 15
VisualStudioVersion = 15.0.26730.12
MinimumVisualStudioVersion = 10.0.40219.1
Project("{FAE04EC0-301F-11D3-BF4B-00C04F79EFBC}") = "hwk5", "hwk5\hwk5.csproj", "{2B9FCB2C-3A8E-4CF5-8F36-66CE2DB4642F}"
EndProject
Global
	GlobalSection(SolutionConfigurationPlatforms) = preSolution
		Debug|Any CPU = Debug|Any CPU
		Release|Any CPU = Release|Any CPU
	EndGlobalSection
	GlobalSection(ProjectConfigurationPlatforms) = postSolution
		{2B9FCB2C-3A8E-4CF5-8F36-66CE2DB4642F}.Debug|Any CPU.ActiveCfg = Debug|Any CPU
		{2B9FCB2C-3A8E-4CF5-8F36-66CE2DB4642F}.Debug|Any CPU.Build.0 = Debug|Any CPU
		{2B9FCB2C-3A8E-4CF5-8F36-66CE2DB4642F}.Release|Any CPU.ActiveCfg = Release|Any CPU
		{2B9FCB2C-3A8E-4CF5-8F36-66CE2DB4642F}.Release|Any CPU.Build.0 = Release|Any CPU
	EndGlobalSection
	GlobalSection(SolutionProperties) = preSolution
		HideSolutionNode = FALSE
	EndGlobalSection
	GlobalSection(ExtensibilityGlobals) = postSolution
		SolutionGuid = {404BDBA7-12E9-4F00-8737-F77DF8121400}
	EndGlobalSection
EndGlobal
